
Microsoft Visual Studio Solution File, Format Version 12.00
# Visual Studio 15
VisualStudioVersion = 15.0.28010.2003
MinimumVisualStudioVersion = 10.0.40219.1
Project("{FAE04EC0-301F-11D3-BF4B-00C04F79EFBC}") = "Wcfaritmetica", "Wcfaritmetica\Wcfaritmetica.csproj", "{CF09D646-C46A-47FF-A959-3548247F084A}"
EndProject
Global
	GlobalSection(SolutionConfigurationPlatforms) = preSolution
		Debug|Any CPU = Debug|Any CPU
		Release|Any CPU = Release|Any CPU
	EndGlobalSection
	GlobalSection(ProjectConfigurationPlatforms) = postSolution
		{CF09D646-C46A-47FF-A959-3548247F084A}.Debug|Any CPU.ActiveCfg = Debug|Any CPU
		{CF09D646-C46A-47FF-A959-3548247F084A}.Debug|Any CPU.Build.0 = Debug|Any CPU
		{CF09D646-C46A-47FF-A959-3548247F084A}.Release|Any CPU.ActiveCfg = Release|Any CPU
		{CF09D646-C46A-47FF-A959-3548247F084A}.Release|Any CPU.Build.0 = Release|Any CPU
	EndGlobalSection
	GlobalSection(SolutionProperties) = preSolution
		HideSolutionNode = FALSE
	EndGlobalSection
	GlobalSection(ExtensibilityGlobals) = postSolution
		SolutionGuid = {1E095F3F-BF5E-4DA3-81D6-9EE5C1107329}
	EndGlobalSection
EndGlobal
